
Microsoft Visual Studio Solution File, Format Version 12.00
# Visual Studio Version 16
VisualStudioVersion = 16.0.29306.81
MinimumVisualStudioVersion = 10.0.40219.1
Project("{FAE04EC0-301F-11D3-BF4B-00C04F79EFBC}") = "ITCompany", "ITCompany\ITCompany.csproj", "{6B8B2AC6-4BC5-4246-90CC-F1040D724E3E}"
EndProject
Global
	GlobalSection(SolutionConfigurationPlatforms) = preSolution
		Debug|Any CPU = Debug|Any CPU
		Release|Any CPU = Release|Any CPU
	EndGlobalSection
	GlobalSection(ProjectConfigurationPlatforms) = postSolution
		{6B8B2AC6-4BC5-4246-90CC-F1040D724E3E}.Debug|Any CPU.ActiveCfg = Debug|Any CPU
		{6B8B2AC6-4BC5-4246-90CC-F1040D724E3E}.Debug|Any CPU.Build.0 = Debug|Any CPU
		{6B8B2AC6-4BC5-4246-90CC-F1040D724E3E}.Release|Any CPU.ActiveCfg = Release|Any CPU
		{6B8B2AC6-4BC5-4246-90CC-F1040D724E3E}.Release|Any CPU.Build.0 = Release|Any CPU
	EndGlobalSection
	GlobalSection(SolutionProperties) = preSolution
		HideSolutionNode = FALSE
	EndGlobalSection
	GlobalSection(ExtensibilityGlobals) = postSolution
		SolutionGuid = {65AEF73E-FA3F-4775-BA52-6BC992484EA8}
	EndGlobalSection
EndGlobal
